
Microsoft Visual Studio Solution File, Format Version 12.00
# Visual Studio Version 16
VisualStudioVersion = 16.0.29519.87
MinimumVisualStudioVersion = 10.0.40219.1
Project("{8BC9CEB8-8B4A-11D0-8D11-00A0C91BC942}") = "SoundTool", "SoundTool\SoundTool.vcxproj", "{FF92E5FB-5653-4512-ADD2-FD1F79035E10}"
EndProject
Global
	GlobalSection(SolutionConfigurationPlatforms) = preSolution
		Debug|x64 = Debug|x64
		Debug|x86 = Debug|x86
		Release|x64 = Release|x64
		Release|x86 = Release|x86
	EndGlobalSection
	GlobalSection(ProjectConfigurationPlatforms) = postSolution
		{FF92E5FB-5653-4512-ADD2-FD1F79035E10}.Debug|x64.ActiveCfg = Debug|x64
		{FF92E5FB-5653-4512-ADD2-FD1F79035E10}.Debug|x64.Build.0 = Debug|x64
		{FF92E5FB-5653-4512-ADD2-FD1F79035E10}.Debug|x86.ActiveCfg = Debug|Win32
		{FF92E5FB-5653-4512-ADD2-FD1F79035E10}.Debug|x86.Build.0 = Debug|Win32
		{FF92E5FB-5653-4512-ADD2-FD1F79035E10}.Release|x64.ActiveCfg = Release|x64
		{FF92E5FB-5653-4512-ADD2-FD1F79035E10}.Release|x64.Build.0 = Release|x64
		{FF92E5FB-5653-4512-ADD2-FD1F79035E10}.Release|x86.ActiveCfg = Release|Win32
		{FF92E5FB-5653-4512-ADD2-FD1F79035E10}.Release|x86.Build.0 = Release|Win32
	EndGlobalSection
	GlobalSection(SolutionProperties) = preSolution
		HideSolutionNode = FALSE
	EndGlobalSection
	GlobalSection(ExtensibilityGlobals) = postSolution
		SolutionGuid = {870BFCB9-67C2-44F8-A4BB-DD52AE202141}
	EndGlobalSection
EndGlobal
